
Microsoft Visual Studio Solution File, Format Version 12.00
# Visual Studio Version 16
VisualStudioVersion = 16.0.31605.320
MinimumVisualStudioVersion = 10.0.40219.1
Project("{FAE04EC0-301F-11D3-BF4B-00C04F79EFBC}") = "First-API-Creation", "First-API-Creation\First-API-Creation.csproj", "{397E94F0-A343-486E-A462-9C7DE1055171}"
EndProject
Global
	GlobalSection(SolutionConfigurationPlatforms) = preSolution
		Debug|Any CPU = Debug|Any CPU
		Release|Any CPU = Release|Any CPU
	EndGlobalSection
	GlobalSection(ProjectConfigurationPlatforms) = postSolution
		{397E94F0-A343-486E-A462-9C7DE1055171}.Debug|Any CPU.ActiveCfg = Debug|Any CPU
		{397E94F0-A343-486E-A462-9C7DE1055171}.Debug|Any CPU.Build.0 = Debug|Any CPU
		{397E94F0-A343-486E-A462-9C7DE1055171}.Release|Any CPU.ActiveCfg = Release|Any CPU
		{397E94F0-A343-486E-A462-9C7DE1055171}.Release|Any CPU.Build.0 = Release|Any CPU
	EndGlobalSection
	GlobalSection(SolutionProperties) = preSolution
		HideSolutionNode = FALSE
	EndGlobalSection
	GlobalSection(ExtensibilityGlobals) = postSolution
		SolutionGuid = {AAD824C0-6858-4F55-BC5D-213E3C02D82D}
	EndGlobalSection
EndGlobal
